// !$*UTF8*$!
{
	archiveVersion = 1;
	classes = {
	};
	objectVersion = 56;
	objects = {

/* Begin PBXBuildFile section */
		478C0009286A9BDA008D7EF7 /* UI_598UITests.swift in Sources */ = {isa = PBXBuildFile; fileRef = 478C0008286A9BDA008D7EF7 /* UI_598UITests.swift */; };
		478C000B286A9BDA008D7EF7 /* UI_598UITestsLaunchTests.swift in Sources */ = {isa = PBXBuildFile; fileRef = 478C000A286A9BDA008D7EF7 /* UI_598UITestsLaunchTests.swift */; };
		478C0019286A9C01008D7EF7 /* ReciptView.swift in Sources */ = {isa = PBXBuildFile; fileRef = 478C0018286A9C01008D7EF7 /* ReciptView.swift */; };
		478CFFEE286A9BD8008D7EF7 /* UI_598App.swift in Sources */ = {isa = PBXBuildFile; fileRef = 478CFFED286A9BD8008D7EF7 /* UI_598App.swift */; };
		478CFFF0286A9BD8008D7EF7 /* ContentView.swift in Sources */ = {isa = PBXBuildFile; fileRef = 478CFFEF286A9BD8008D7EF7 /* ContentView.swift */; };
		478CFFF2286A9BDA008D7EF7 /* Assets.xcassets in Resources */ = {isa = PBXBuildFile; fileRef = 478CFFF1286A9BDA008D7EF7 /* Assets.xcassets */; };
		478CFFF5286A9BDA008D7EF7 /* Preview Assets.xcassets in Resources */ = {isa = PBXBuildFile; fileRef = 478CFFF4286A9BDA008D7EF7 /* Preview Assets.xcassets */; };
		478CFFFF286A9BDA008D7EF7 /* UI_598Tests.swift in Sources */ = {isa = PBXBuildFile; fileRef = 478CFFFE286A9BDA008D7EF7 /* UI_598Tests.swift */; };
/* End PBXBuildFile section */

/* Begin PBXContainerItemProxy section */
		478C0005286A9BDA008D7EF7 /* PBXContainerItemProxy */ = {
			isa = PBXContainerItemProxy;
			containerPortal = 478CFFE2286A9BD8008D7EF7 /* Project object */;
			proxyType = 1;
			remoteGlobalIDString = 478CFFE9286A9BD8008D7EF7;
			remoteInfo = "UI-598";
		};
		478CFFFB286A9BDA008D7EF7 /* PBXContainerItemProxy */ = {
			isa = PBXContainerItemProxy;
			containerPortal = 478CFFE2286A9BD8008D7EF7 /* Project object */;
			proxyType = 1;
			remoteGlobalIDString = 478CFFE9286A9BD8008D7EF7;
			remoteInfo = "UI-598";
		};
/* End PBXContainerItemProxy section */

/* Begin PBXFileReference section */
		478C0004286A9BDA008D7EF7 /* UI-598UITests.xctest */ = {isa = PBXFileReference; explicitFileType = wrapper.cfbundle; includeInIndex = 0; path = "UI-598UITests.xctest"; sourceTree = BUILT_PRODUCTS_DIR; };
		478C0008286A9BDA008D7EF7 /* UI_598UITests.swift */ = {isa = PBXFileReference; lastKnownFileType = sourcecode.swift; path = UI_598UITests.swift; sourceTree = "<group>"; };
		478C000A286A9BDA008D7EF7 /* UI_598UITestsLaunchTests.swift */ = {isa = PBXFileReference; lastKnownFileType = sourcecode.swift; path = UI_598UITestsLaunchTests.swift; sourceTree = "<group>"; };
		478C0018286A9C01008D7EF7 /* ReciptView.swift */ = {isa = PBXFileReference; lastKnownFileType = sourcecode.swift; path = ReciptView.swift; sourceTree = "<group>"; };
		478CFFEA286A9BD8008D7EF7 /* UI-598.app */ = {isa = PBXFileReference; explicitFileType = wrapper.application; includeInIndex = 0; path = "UI-598.app"; sourceTree = BUILT_PRODUCTS_DIR; };
		478CFFED286A9BD8008D7EF7 /* UI_598App.swift */ = {isa = PBXFileReference; lastKnownFileType = sourcecode.swift; path = UI_598App.swift; sourceTree = "<group>"; };
		478CFFEF286A9BD8008D7EF7 /* ContentView.swift */ = {isa = PBXFileReference; lastKnownFileType = sourcecode.swift; path = ContentView.swift; sourceTree = "<group>"; };
		478CFFF1286A9BDA008D7EF7 /* Assets.xcassets */ = {isa = PBXFileReference; lastKnownFileType = folder.assetcatalog; path = Assets.xcassets; sourceTree = "<group>"; };
		478CFFF4286A9BDA008D7EF7 /* Preview Assets.xcassets */ = {isa = PBXFileReference; lastKnownFileType = folder.assetcatalog; path = "Preview Assets.xcassets"; sourceTree = "<group>"; };
		478CFFFA286A9BDA008D7EF7 /* UI-598Tests.xctest */ = {isa = PBXFileReference; explicitFileType = wrapper.cfbundle; includeInIndex = 0; path = "UI-598Tests.xctest"; sourceTree = BUILT_PRODUCTS_DIR; };
		478CFFFE286A9BDA008D7EF7 /* UI_598Tests.swift */ = {isa = PBXFileReference; lastKnownFileType = sourcecode.swift; path = UI_598Tests.swift; sourceTree = "<group>"; };
/* End PBXFileReference section */

/* Begin PBXFrameworksBuildPhase section */
		478C0001286A9BDA008D7EF7 /* Frameworks */ = {
			isa = PBXFrameworksBuildPhase;
			buildActionMask = 2147483647;
			files = (
			);
			runOnlyForDeploymentPostprocessing = 0;
		};
		478CFFE7286A9BD8008D7EF7 /* Frameworks */ = {
			isa = PBXFrameworksBuildPhase;
			buildActionMask = 2147483647;
			files = (
			);
			runOnlyForDeploymentPostprocessing = 0;
		};
		478CFFF7286A9BDA008D7EF7 /* Frameworks */ = {
			isa = PBXFrameworksBuildPhase;
			buildActionMask = 2147483647;
			files = (
			);
			runOnlyForDeploymentPostprocessing = 0;
		};
/* End PBXFrameworksBuildPhase section */

/* Begin PBXGroup section */
		478C0007286A9BDA008D7EF7 /* UI-598UITests */ = {
			isa = PBXGroup;
			children = (
				478C0008286A9BDA008D7EF7 /* UI_598UITests.swift */,
				478C000A286A9BDA008D7EF7 /* UI_598UITestsLaunchTests.swift */,
			);
			path = "UI-598UITests";
			sourceTree = "<group>";
		};
		478C0017286A9BF5008D7EF7 /* View */ = {
			isa = PBXGroup;
			children = (
				478C0018286A9C01008D7EF7 /* ReciptView.swift */,
			);
			path = View;
			sourceTree = "<group>";
		};
		478CFFE1286A9BD8008D7EF7 = {
			isa = PBXGroup;
			children = (
				478CFFEC286A9BD8008D7EF7 /* UI-598 */,
				478CFFFD286A9BDA008D7EF7 /* UI-598Tests */,
				478C0007286A9BDA008D7EF7 /* UI-598UITests */,
				478CFFEB286A9BD8008D7EF7 /* Products */,
			);
			sourceTree = "<group>";
		};
		478CFFEB286A9BD8008D7EF7 /* Products */ = {
			isa = PBXGroup;
			children = (
				478CFFEA286A9BD8008D7EF7 /* UI-598.app */,
				478CFFFA286A9BDA008D7EF7 /* UI-598Tests.xctest */,
				478C0004286A9BDA008D7EF7 /* UI-598UITests.xctest */,
			);
			name = Products;
			sourceTree = "<group>";
		};
		478CFFEC286A9BD8008D7EF7 /* UI-598 */ = {
			isa = PBXGroup;
			children = (
				478C0017286A9BF5008D7EF7 /* View */,
				478CFFED286A9BD8008D7EF7 /* UI_598App.swift */,
				478CFFEF286A9BD8008D7EF7 /* ContentView.swift */,
				478CFFF1286A9BDA008D7EF7 /* Assets.xcassets */,
				478CFFF3286A9BDA008D7EF7 /* Preview Content */,
			);
			path = "UI-598";
			sourceTree = "<group>";
		};
		478CFFF3286A9BDA008D7EF7 /* Preview Content */ = {
			isa = PBXGroup;
			children = (
				478CFFF4286A9BDA008D7EF7 /* Preview Assets.xcassets */,
			);
			path = "Preview Content";
			sourceTree = "<group>";
		};
		478CFFFD286A9BDA008D7EF7 /* UI-598Tests */ = {
			isa = PBXGroup;
			children = (
				478CFFFE286A9BDA008D7EF7 /* UI_598Tests.swift */,
			);
			path = "UI-598Tests";
			sourceTree = "<group>";
		};
/* End PBXGroup section */

/* Begin PBXNativeTarget section */
		478C0003286A9BDA008D7EF7 /* UI-598UITests */ = {
			isa = PBXNativeTarget;
			buildConfigurationList = 478C0014286A9BDA008D7EF7 /* Build configuration list for PBXNativeTarget "UI-598UITests" */;
			buildPhases = (
				478C0000286A9BDA008D7EF7 /* Sources */,
				478C0001286A9BDA008D7EF7 /* Frameworks */,
				478C0002286A9BDA008D7EF7 /* Resources */,
			);
			buildRules = (
			);
			dependencies = (
				478C0006286A9BDA008D7EF7 /* PBXTargetDependency */,
			);
			name = "UI-598UITests";
			productName = "UI-598UITests";
			productReference = 478C0004286A9BDA008D7EF7 /* UI-598UITests.xctest */;
			productType = "com.apple.product-type.bundle.ui-testing";
		};
		478CFFE9286A9BD8008D7EF7 /* UI-598 */ = {
			isa = PBXNativeTarget;
			buildConfigurationList = 478C000E286A9BDA008D7EF7 /* Build configuration list for PBXNativeTarget "UI-598" */;
			buildPhases = (
				478CFFE6286A9BD8008D7EF7 /* Sources */,
				478CFFE7286A9BD8008D7EF7 /* Frameworks */,
				478CFFE8286A9BD8008D7EF7 /* Resources */,
			);
			buildRules = (
			);
			dependencies = (
			);
			name = "UI-598";
			productName = "UI-598";
			productReference = 478CFFEA286A9BD8008D7EF7 /* UI-598.app */;
			productType = "com.apple.product-type.application";
		};
		478CFFF9286A9BDA008D7EF7 /* UI-598Tests */ = {
			isa = PBXNativeTarget;
			buildConfigurationList = 478C0011286A9BDA008D7EF7 /* Build configuration list for PBXNativeTarget "UI-598Tests" */;
			buildPhases = (
				478CFFF6286A9BDA008D7EF7 /* Sources */,
				478CFFF7286A9BDA008D7EF7 /* Frameworks */,
				478CFFF8286A9BDA008D7EF7 /* Resources */,
			);
			buildRules = (
			);
			dependencies = (
				478CFFFC286A9BDA008D7EF7 /* PBXTargetDependency */,
			);
			name = "UI-598Tests";
			productName = "UI-598Tests";
			productReference = 478CFFFA286A9BDA008D7EF7 /* UI-598Tests.xctest */;
			productType = "com.apple.product-type.bundle.unit-test";
		};
/* End PBXNativeTarget section */

/* Begin PBXProject section */
		478CFFE2286A9BD8008D7EF7 /* Project object */ = {
			isa = PBXProject;
			attributes = {
				BuildIndependentTargetsInParallel = 1;
				LastSwiftUpdateCheck = 1400;
				LastUpgradeCheck = 1400;
				TargetAttributes = {
					478C0003286A9BDA008D7EF7 = {
						CreatedOnToolsVersion = 14.0;
						TestTargetID = 478CFFE9286A9BD8008D7EF7;
					};
					478CFFE9286A9BD8008D7EF7 = {
						CreatedOnToolsVersion = 14.0;
					};
					478CFFF9286A9BDA008D7EF7 = {
						CreatedOnToolsVersion = 14.0;
						TestTargetID = 478CFFE9286A9BD8008D7EF7;
					};
				};
			};
			buildConfigurationList = 478CFFE5286A9BD8008D7EF7 /* Build configuration list for PBXProject "UI-598" */;
			compatibilityVersion = "Xcode 14.0";
			developmentRegion = en;
			hasScannedForEncodings = 0;
			knownRegions = (
				en,
				Base,
			);
			mainGroup = 478CFFE1286A9BD8008D7EF7;
			productRefGroup = 478CFFEB286A9BD8008D7EF7 /* Products */;
			projectDirPath = "";
			projectRoot = "";
			targets = (
				478CFFE9286A9BD8008D7EF7 /* UI-598 */,
				478CFFF9286A9BDA008D7EF7 /* UI-598Tests */,
				478C0003286A9BDA008D7EF7 /* UI-598UITests */,
			);
		};
/* End PBXProject section */

/* Begin PBXResourcesBuildPhase section */
		478C0002286A9BDA008D7EF7 /* Resources */ = {
			isa = PBXResourcesBuildPhase;
			buildActionMask = 2147483647;
			files = (
			);
			runOnlyForDeploymentPostprocessing = 0;
		};
		478CFFE8286A9BD8008D7EF7 /* Resources */ = {
			isa = PBXResourcesBuildPhase;
			buildActionMask = 2147483647;
			files = (
				478CFFF5286A9BDA008D7EF7 /* Preview Assets.xcassets in Resources */,
				478CFFF2286A9BDA008D7EF7 /* Assets.xcassets in Resources */,
			);
			runOnlyForDeploymentPostprocessing = 0;
		};
		478CFFF8286A9BDA008D7EF7 /* Resources */ = {
			isa = PBXResourcesBuildPhase;
			buildActionMask = 2147483647;
			files = (
			);
			runOnlyForDeploymentPostprocessing = 0;
		};
/* End PBXResourcesBuildPhase section */

/* Begin PBXSourcesBuildPhase section */
		478C0000286A9BDA008D7EF7 /* Sources */ = {
			isa = PBXSourcesBuildPhase;
			buildActionMask = 2147483647;
			files = (
				478C0009286A9BDA008D7EF7 /* UI_598UITests.swift in Sources */,
				478C000B286A9BDA008D7EF7 /* UI_598UITestsLaunchTests.swift in Sources */,
			);
			runOnlyForDeploymentPostprocessing = 0;
		};
		478CFFE6286A9BD8008D7EF7 /* Sources */ = {
			isa = PBXSourcesBuildPhase;
			buildActionMask = 2147483647;
			files = (
				478CFFF0286A9BD8008D7EF7 /* ContentView.swift in Sources */,
				478CFFEE286A9BD8008D7EF7 /* UI_598App.swift in Sources */,
				478C0019286A9C01008D7EF7 /* ReciptView.swift in Sources */,
			);
			runOnlyForDeploymentPostprocessing = 0;
		};
		478CFFF6286A9BDA008D7EF7 /* Sources */ = {
			isa = PBXSourcesBuildPhase;
			buildActionMask = 2147483647;
			files = (
				478CFFFF286A9BDA008D7EF7 /* UI_598Tests.swift in Sources */,
			);
			runOnlyForDeploymentPostprocessing = 0;
		};
/* End PBXSourcesBuildPhase section */

/* Begin PBXTargetDependency section */
		478C0006286A9BDA008D7EF7 /* PBXTargetDependency */ = {
			isa = PBXTargetDependency;
			target = 478CFFE9286A9BD8008D7EF7 /* UI-598 */;
			targetProxy = 478C0005286A9BDA008D7EF7 /* PBXContainerItemProxy */;
		};
		478CFFFC286A9BDA008D7EF7 /* PBXTargetDependency */ = {
			isa = PBXTargetDependency;
			target = 478CFFE9286A9BD8008D7EF7 /* UI-598 */;
			targetProxy = 478CFFFB286A9BDA008D7EF7 /* PBXContainerItemProxy */;
		};
/* End PBXTargetDependency section */

/* Begin XCBuildConfiguration section */
		478C000C286A9BDA008D7EF7 /* Debug */ = {
			isa = XCBuildConfiguration;
			buildSettings = {
				ALWAYS_SEARCH_USER_PATHS = NO;
				CLANG_ANALYZER_NONNULL = YES;
				CLANG_ANALYZER_NUMBER_OBJECT_CONVERSION = YES_AGGRESSIVE;
				CLANG_CXX_LANGUAGE_STANDARD = "gnu++17";
				CLANG_ENABLE_MODULES = YES;
				CLANG_ENABLE_OBJC_ARC = YES;
				CLANG_ENABLE_OBJC_WEAK = YES;
				CLANG_WARN_BLOCK_CAPTURE_AUTORELEASING = YES;
				CLANG_WARN_BOOL_CONVERSION = YES;
				CLANG_WARN_COMMA = YES;
				CLANG_WARN_CONSTANT_CONVERSION = YES;
				CLANG_WARN_DEPRECATED_OBJC_IMPLEMENTATIONS = YES;
				CLANG_WARN_DIRECT_OBJC_ISA_USAGE = YES_ERROR;
				CLANG_WARN_DOCUMENTATION_COMMENTS = YES;
				CLANG_WARN_EMPTY_BODY = YES;
				CLANG_WARN_ENUM_CONVERSION = YES;
				CLANG_WARN_INFINITE_RECURSION = YES;
				CLANG_WARN_INT_CONVERSION = YES;
				CLANG_WARN_NON_LITERAL_NULL_CONVERSION = YES;
				CLANG_WARN_OBJC_IMPLICIT_RETAIN_SELF = YES;
				CLANG_WARN_OBJC_LITERAL_CONVERSION = YES;
				CLANG_WARN_OBJC_ROOT_CLASS = YES_ERROR;
				CLANG_WARN_QUOTED_INCLUDE_IN_FRAMEWORK_HEADER = YES;
				CLANG_WARN_RANGE_LOOP_ANALYSIS = YES;
				CLANG_WARN_STRICT_PROTOTYPES = YES;
				CLANG_WARN_SUSPICIOUS_MOVE = YES;
				CLANG_WARN_UNGUARDED_AVAILABILITY = YES_AGGRESSIVE;
				CLANG_WARN_UNREACHABLE_CODE = YES;
				CLANG_WARN__DUPLICATE_METHOD_MATCH = YES;
				COPY_PHASE_STRIP = NO;
				DEBUG_INFORMATION_FORMAT = dwarf;
				ENABLE_STRICT_OBJC_MSGSEND = YES;
				ENABLE_TESTABILITY = YES;
				GCC_C_LANGUAGE_STANDARD = gnu11;
				GCC_DYNAMIC_NO_PIC = NO;
				GCC_NO_COMMON_BLOCKS = YES;
				GCC_OPTIMIZATION_LEVEL = 0;
				GCC_PREPROCESSOR_DEFINITIONS = (
					"DEBUG=1",
					"$(inherited)",
				);
				GCC_WARN_64_TO_32_BIT_CONVERSION = YES;
				GCC_WARN_ABOUT_RETURN_TYPE = YES_ERROR;
				GCC_WARN_UNDECLARED_SELECTOR = YES;
				GCC_WARN_UNINITIALIZED_AUTOS = YES_AGGRESSIVE;
				GCC_WARN_UNUSED_FUNCTION = YES;
				GCC_WARN_UNUSED_VARIABLE = YES;
				IPHONEOS_DEPLOYMENT_TARGET = 16.0;
				MTL_ENABLE_DEBUG_INFO = INCLUDE_SOURCE;
				MTL_FAST_MATH = YES;
				ONLY_ACTIVE_ARCH = YES;
				SDKROOT = iphoneos;
				SWIFT_ACTIVE_COMPILATION_CONDITIONS = DEBUG;
				SWIFT_OPTIMIZATION_LEVEL = "-Onone";
			};
			name = Debug;
		};
		478C000D286A9BDA008D7EF7 /* Release */ = {
			isa = XCBuildConfiguration;
			buildSettings = {
				ALWAYS_SEARCH_USER_PATHS = NO;
				CLANG_ANALYZER_NONNULL = YES;
				CLANG_ANALYZER_NUMBER_OBJECT_CONVERSION = YES_AGGRESSIVE;
				CLANG_CXX_LANGUAGE_STANDARD = "gnu++17";
				CLANG_ENABLE_MODULES = YES;
				CLANG_ENABLE_OBJC_ARC = YES;
				CLANG_ENABLE_OBJC_WEAK = YES;
				CLANG_WARN_BLOCK_CAPTURE_AUTORELEASING = YES;
				CLANG_WARN_BOOL_CONVERSION = YES;
				CLANG_WARN_COMMA = YES;
				CLANG_WARN_CONSTANT_CONVERSION = YES;
				CLANG_WARN_DEPRECATED_OBJC_IMPLEMENTATIONS = YES;
				CLANG_WARN_DIRECT_OBJC_ISA_USAGE = YES_ERROR;
				CLANG_WARN_DOCUMENTATION_COMMENTS = YES;
				CLANG_WARN_EMPTY_BODY = YES;
				CLANG_WARN_ENUM_CONVERSION = YES;
				CLANG_WARN_INFINITE_RECURSION = YES;
				CLANG_WARN_INT_CONVERSION = YES;
				CLANG_WARN_NON_LITERAL_NULL_CONVERSION = YES;
				CLANG_WARN_OBJC_IMPLICIT_RETAIN_SELF = YES;
				CLANG_WARN_OBJC_LITERAL_CONVERSION = YES;
				CLANG_WARN_OBJC_ROOT_CLASS = YES_ERROR;
				CLANG_WARN_QUOTED_INCLUDE_IN_FRAMEWORK_HEADER = YES;
				CLANG_WARN_RANGE_LOOP_ANALYSIS = YES;
				CLANG_WARN_STRICT_PROTOTYPES = YES;
				CLANG_WARN_SUSPICIOUS_MOVE = YES;
				CLANG_WARN_UNGUARDED_AVAILABILITY = YES_AGGRESSIVE;
				CLANG_WARN_UNREACHABLE_CODE = YES;
				CLANG_WARN__DUPLICATE_METHOD_MATCH = YES;
				COPY_PHASE_STRIP = NO;
				DEBUG_INFORMATION_FORMAT = "dwarf-with-dsym";
				ENABLE_NS_ASSERTIONS = NO;
				ENABLE_STRICT_OBJC_MSGSEND = YES;
				GCC_C_LANGUAGE_STANDARD = gnu11;
				GCC_NO_COMMON_BLOCKS = YES;
				GCC_WARN_64_TO_32_BIT_CONVERSION = YES;
				GCC_WARN_ABOUT_RETURN_TYPE = YES_ERROR;
				GCC_WARN_UNDECLARED_SELECTOR = YES;
				GCC_WARN_UNINITIALIZED_AUTOS = YES_AGGRESSIVE;
				GCC_WARN_UNUSED_FUNCTION = YES;
				GCC_WARN_UNUSED_VARIABLE = YES;
				IPHONEOS_DEPLOYMENT_TARGET = 16.0;
				MTL_ENABLE_DEBUG_INFO = NO;
				MTL_FAST_MATH = YES;
				SDKROOT = iphoneos;
				SWIFT_COMPILATION_MODE = wholemodule;
				SWIFT_OPTIMIZATION_LEVEL = "-O";
				VALIDATE_PRODUCT = YES;
			};
			name = Release;
		};
		478C000F286A9BDA008D7EF7 /* Debug */ = {
			isa = XCBuildConfiguration;
			buildSettings = {
				ASSETCATALOG_COMPILER_APPICON_NAME = AppIcon;
				ASSETCATALOG_COMPILER_GLOBAL_ACCENT_COLOR_NAME = AccentColor;
				CODE_SIGN_STYLE = Automatic;
				CURRENT_PROJECT_VERSION = 1;
				DEVELOPMENT_ASSET_PATHS = "\"UI-598/Preview Content\"";
				DEVELOPMENT_TEAM = 8CL4U468K5;
				ENABLE_PREVIEWS = YES;
				GENERATE_INFOPLIST_FILE = YES;
				INFOPLIST_KEY_UIApplicationSceneManifest_Generation = YES;
				INFOPLIST_KEY_UIApplicationSupportsIndirectInputEvents = YES;
				INFOPLIST_KEY_UILaunchScreen_Generation = YES;
				INFOPLIST_KEY_UISupportedInterfaceOrientations_iPad = "UIInterfaceOrientationPortrait UIInterfaceOrientationPortraitUpsideDown UIInterfaceOrientationLandscapeLeft UIInterfaceOrientationLandscapeRight";
				INFOPLIST_KEY_UISupportedInterfaceOrientations_iPhone = "UIInterfaceOrientationPortrait UIInterfaceOrientationLandscapeLeft UIInterfaceOrientationLandscapeRight";
				LD_RUNPATH_SEARCH_PATHS = (
					"$(inherited)",
					"@executable_path/Frameworks",
				);
				MARKETING_VERSION = 1.0;
				PRODUCT_BUNDLE_IDENTIFIER = "com.585.UI-598";
				PRODUCT_NAME = "$(TARGET_NAME)";
				SWIFT_EMIT_LOC_STRINGS = YES;
				SWIFT_VERSION = 5.0;
				TARGETED_DEVICE_FAMILY = "1,2";
			};
			name = Debug;
		};
		478C0010286A9BDA008D7EF7 /* Release */ = {
			isa = XCBuildConfiguration;
			buildSettings = {
				ASSETCATALOG_COMPILER_APPICON_NAME = AppIcon;
				ASSETCATALOG_COMPILER_GLOBAL_ACCENT_COLOR_NAME = AccentColor;
				CODE_SIGN_STYLE = Automatic;
				CURRENT_PROJECT_VERSION = 1;
				DEVELOPMENT_ASSET_PATHS = "\"UI-598/Preview Content\"";
				DEVELOPMENT_TEAM = 8CL4U468K5;
				ENABLE_PREVIEWS = YES;
				GENERATE_INFOPLIST_FILE = YES;
				INFOPLIST_KEY_UIApplicationSceneManifest_Generation = YES;
				INFOPLIST_KEY_UIApplicationSupportsIndirectInputEvents = YES;
				INFOPLIST_KEY_UILaunchScreen_Generation = YES;
				INFOPLIST_KEY_UISupportedInterfaceOrientations_iPad = "UIInterfaceOrientationPortrait UIInterfaceOrientationPortraitUpsideDown UIInterfaceOrientationLandscapeLeft UIInterfaceOrientationLandscapeRight";
				INFOPLIST_KEY_UISupportedInterfaceOrientations_iPhone = "UIInterfaceOrientationPortrait UIInterfaceOrientationLandscapeLeft UIInterfaceOrientationLandscapeRight";
				LD_RUNPATH_SEARCH_PATHS = (
					"$(inherited)",
					"@executable_path/Frameworks",
				);
				MARKETING_VERSION = 1.0;
				PRODUCT_BUNDLE_IDENTIFIER = "com.585.UI-598";
				PRODUCT_NAME = "$(TARGET_NAME)";
				SWIFT_EMIT_LOC_STRINGS = YES;
				SWIFT_VERSION = 5.0;
				TARGETED_DEVICE_FAMILY = "1,2";
			};
			name = Release;
		};
		478C0012286A9BDA008D7EF7 /* Debug */ = {
			isa = XCBuildConfiguration;
			buildSettings = {
				ALWAYS_EMBED_SWIFT_STANDARD_LIBRARIES = YES;
				BUNDLE_LOADER = "$(TEST_HOST)";
				CODE_SIGN_STYLE = Automatic;
				CURRENT_PROJECT_VERSION = 1;
				DEVELOPMENT_TEAM = 8CL4U468K5;
				GENERATE_INFOPLIST_FILE = YES;
				IPHONEOS_DEPLOYMENT_TARGET = 16.0;
				MARKETING_VERSION = 1.0;
				PRODUCT_BUNDLE_IDENTIFIER = "com.585.UI-598Tests";
				PRODUCT_NAME = "$(TARGET_NAME)";
				SWIFT_EMIT_LOC_STRINGS = NO;
				SWIFT_VERSION = 5.0;
				TARGETED_DEVICE_FAMILY = "1,2";
				TEST_HOST = "$(BUILT_PRODUCTS_DIR)/UI-598.app/$(BUNDLE_EXECUTABLE_FOLDER_PATH)/UI-598";
			};
			name = Debug;
		};
		478C0013286A9BDA008D7EF7 /* Release */ = {
			isa = XCBuildConfiguration;
			buildSettings = {
				ALWAYS_EMBED_SWIFT_STANDARD_LIBRARIES = YES;
				BUNDLE_LOADER = "$(TEST_HOST)";
				CODE_SIGN_STYLE = Automatic;
				CURRENT_PROJECT_VERSION = 1;
				DEVELOPMENT_TEAM = 8CL4U468K5;
				GENERATE_INFOPLIST_FILE = YES;
				IPHONEOS_DEPLOYMENT_TARGET = 16.0;
				MARKETING_VERSION = 1.0;
				PRODUCT_BUNDLE_IDENTIFIER = "com.585.UI-598Tests";
				PRODUCT_NAME = "$(TARGET_NAME)";
				SWIFT_EMIT_LOC_STRINGS = NO;
				SWIFT_VERSION = 5.0;
				TARGETED_DEVICE_FAMILY = "1,2";
				TEST_HOST = "$(BUILT_PRODUCTS_DIR)/UI-598.app/$(BUNDLE_EXECUTABLE_FOLDER_PATH)/UI-598";
			};
			name = Release;
		};
		478C0015286A9BDA008D7EF7 /* Debug */ = {
			isa = XCBuildConfiguration;
			buildSettings = {
				ALWAYS_EMBED_SWIFT_STANDARD_LIBRARIES = YES;
				CODE_SIGN_STYLE = Automatic;
				CURRENT_PROJECT_VERSION = 1;
				DEVELOPMENT_TEAM = 8CL4U468K5;
				GENERATE_INFOPLIST_FILE = YES;
				MARKETING_VERSION = 1.0;
				PRODUCT_BUNDLE_IDENTIFIER = "com.585.UI-598UITests";
				PRODUCT_NAME = "$(TARGET_NAME)";
				SWIFT_EMIT_LOC_STRINGS = NO;
				SWIFT_VERSION = 5.0;
				TARGETED_DEVICE_FAMILY = "1,2";
				TEST_TARGET_NAME = "UI-598";
			};
			name = Debug;
		};
		478C0016286A9BDA008D7EF7 /* Release */ = {
			isa = XCBuildConfiguration;
			buildSettings = {
				ALWAYS_EMBED_SWIFT_STANDARD_LIBRARIES = YES;
				CODE_SIGN_STYLE = Automatic;
				CURRENT_PROJECT_VERSION = 1;
				DEVELOPMENT_TEAM = 8CL4U468K5;
				GENERATE_INFOPLIST_FILE = YES;
				MARKETING_VERSION = 1.0;
				PRODUCT_BUNDLE_IDENTIFIER = "com.585.UI-598UITests";
				PRODUCT_NAME = "$(TARGET_NAME)";
				SWIFT_EMIT_LOC_STRINGS = NO;
				SWIFT_VERSION = 5.0;
				TARGETED_DEVICE_FAMILY = "1,2";
				TEST_TARGET_NAME = "UI-598";
			};
			name = Release;
		};
/* End XCBuildConfiguration section */

/* Begin XCConfigurationList section */
		478C000E286A9BDA008D7EF7 /* Build configuration list for PBXNativeTarget "UI-598" */ = {
			isa = XCConfigurationList;
			buildConfigurations = (
				478C000F286A9BDA008D7EF7 /* Debug */,
				478C0010286A9BDA008D7EF7 /* Release */,
			);
			defaultConfigurationIsVisible = 0;
			defaultConfigurationName = Release;
		};
		478C0011286A9BDA008D7EF7 /* Build configuration list for PBXNativeTarget "UI-598Tests" */ = {
			isa = XCConfigurationList;
			buildConfigurations = (
				478C0012286A9BDA008D7EF7 /* Debug */,
				478C0013286A9BDA008D7EF7 /* Release */,
			);
			defaultConfigurationIsVisible = 0;
			defaultConfigurationName = Release;
		};
		478C0014286A9BDA008D7EF7 /* Build configuration list for PBXNativeTarget "UI-598UITests" */ = {
			isa = XCConfigurationList;
			buildConfigurations = (
				478C0015286A9BDA008D7EF7 /* Debug */,
				478C0016286A9BDA008D7EF7 /* Release */,
			);
			defaultConfigurationIsVisible = 0;
			defaultConfigurationName = Release;
		};
		478CFFE5286A9BD8008D7EF7 /* Build configuration list for PBXProject "UI-598" */ = {
			isa = XCConfigurationList;
			buildConfigurations = (
				478C000C286A9BDA008D7EF7 /* Debug */,
				478C000D286A9BDA008D7EF7 /* Release */,
			);
			defaultConfigurationIsVisible = 0;
			defaultConfigurationName = Release;
		};
/* End XCConfigurationList section */
	};
	rootObject = 478CFFE2286A9BD8008D7EF7 /* Project object */;
}
